{
  "object": {
    "pins": [
      {
        "package": "SharkUtils",
        "repositoryURL": "https://github.com/gymshark/ios-shark-utils.git",
        "state": {
          "branch": null,
          "revision": "a88e957bb201f4a6b5714e1e2c7666974ead816b",
          "version": "1.0.1"
        }
      }
    ]
  },
  "version": 1
}
