{
  "object": {
    "pins": [
      {
        "package": "SharkUtils",
        "repositoryURL": "git@github.com:gymshark/ios-Shark-Utils.git",
        "state": {
          "branch": null,
          "revision": "b1c4cc85c2ea0286ad37e5cd0394171f9ae9380e",
          "version": "1.0.0"
        }
      }
    ]
  },
  "version": 1
}
